{
    "_readme": [
        "This file locks the dependencies of your project to a known state",
        "Read more about it at https://getcomposer.org/doc/01-basic-usage.md#installing-dependencies",
        "This file is @generated automatically"
    ],
    "content-hash": "f78ac6694a40ab4e61b83a734a54a36a",
    "packages": [
        {
            "name": "leocavalcante/siler",
            "version": "dev-master",
            "source": {
                "type": "git",
                "url": "https://github.com/leocavalcante/siler.git",
                "reference": "9584c4cb73475688dc599550221a687ed3c31b47"
            },
            "dist": {
                "type": "zip",
                "url": "https://api.github.com/repos/leocavalcante/siler/zipball/9584c4cb73475688dc599550221a687ed3c31b47",
                "reference": "9584c4cb73475688dc599550221a687ed3c31b47",
                "shasum": ""
            },
            "require": {
                "php": ">=7.3"
            },
            "require-dev": {
                "cboden/ratchet": "^0.4.1",
                "cocur/slugify": "^3.2",
                "gabordemooij/redbean": "^5.4",
                "google/protobuf": "^3.11",
                "grpc/grpc": "^1.25",
                "monolog/monolog": "^2.0",
                "phpunit/phpunit": "^8.4",
                "squizlabs/php_codesniffer": "^3.5",
                "swiftmailer/swiftmailer": "^6.2",
                "swoole/ide-helper": "^4.4",
                "textalk/websocket": "^1.2",
                "twig/twig": "^3.0",
                "vimeo/psalm": "^3.7",
                "vlucas/phpdotenv": "^3.6",
                "webonyx/graphql-php": "^0.13",
                "zendframework/zend-diactoros": "^2.2",
                "zendframework/zend-httphandlerrunner": "^1.1",
                "zendframework/zend-stratigility": "^3.2"
            },
            "type": "library",
            "autoload": {
                "psr-4": {
                    "Siler\\": "src/"
                },
                "files": [
                    "src/Container/Container.php",
                    "src/Diactoros/Diactoros.php",
                    "src/Dotenv/Dotenv.php",
                    "src/Encoder/Json.php",
                    "src/Env/Env.php",
                    "src/File/File.php",
                    "src/Functional/Functional.php",
                    "src/Functional/Monad/Monad.php",
                    "src/GraphQL/GraphQL.php",
                    "src/Grpc/Grpc.php",
                    "src/Http/Http.php",
                    "src/Http/Request.php",
                    "src/Http/Response.php",
                    "src/HttpHandlerRunner/HttpHandlerRunner.php",
                    "src/Mail/SwiftMailer.php",
                    "src/Monolog/Monolog.php",
                    "src/Prelude/Str.php",
                    "src/Prelude/Tuple.php",
                    "src/Ratchet/Ratchet.php",
                    "src/Result/Result.php",
                    "src/Route/Route.php",
                    "src/Stratigility/Stratigility.php",
                    "src/Swoole/Swoole.php",
                    "src/Twig/Twig.php",
                    "src/Siler.php",
                    "src/facades.php"
                ]
            },
            "notification-url": "https://packagist.org/downloads/",
            "license": [
                "MIT"
            ],
            "authors": [
                {
                    "name": "leocavalcante",
                    "email": "lc@leocavalcante.com"
                }
            ],
            "description": "Siler is a set of general purpose high-level abstractions aiming an API for declarative programming in PHP.",
            "keywords": [
                "api",
                "framework",
                "functional",
                "graphql",
                "micro",
                "router",
                "swoole"
            ],
            "time": "2019-12-17T20:41:41+00:00"
        }
    ],
    "packages-dev": [
        {
            "name": "swoole/ide-helper",
            "version": "4.4.12",
            "source": {
                "type": "git",
                "url": "https://github.com/swoole/ide-helper.git",
                "reference": "915964abd1ff4fe78be3e341ce9008b6d6a7648a"
            },
            "dist": {
                "type": "zip",
                "url": "https://api.github.com/repos/swoole/ide-helper/zipball/915964abd1ff4fe78be3e341ce9008b6d6a7648a",
                "reference": "915964abd1ff4fe78be3e341ce9008b6d6a7648a",
                "shasum": ""
            },
            "require-dev": {
                "squizlabs/php_codesniffer": "~3.4.0",
                "symfony/filesystem": "~4.3.0",
                "zendframework/zend-code": "~3.3.0"
            },
            "type": "library",
            "notification-url": "https://packagist.org/downloads/",
            "license": [
                "Apache-2.0"
            ],
            "authors": [
                {
                    "name": "Team Swoole",
                    "email": "team@swoole.com"
                }
            ],
            "description": "IDE help files for Swoole.",
            "time": "2019-11-04T17:53:06+00:00"
        }
    ],
    "aliases": [],
    "minimum-stability": "stable",
    "stability-flags": {
        "leocavalcante/siler": 20
    },
    "prefer-stable": false,
    "prefer-lowest": false,
    "platform": [],
    "platform-dev": []
}
